
Microsoft Visual Studio Solution File, Format Version 12.00
# Visual Studio Version 17
VisualStudioVersion = 17.0.31903.59
MinimumVisualStudioVersion = 10.0.40219.1
Project("{FAE04EC0-301F-11D3-BF4B-00C04F79EFBC}") = "KtsuBuild", "KtsuBuild\KtsuBuild.csproj", "{046E746F-0D49-ADED-C09E-82E7BB7CCBCE}"
EndProject
Project("{FAE04EC0-301F-11D3-BF4B-00C04F79EFBC}") = "KtsuBuild.CLI", "KtsuBuild.CLI\KtsuBuild.CLI.csproj", "{48AF0181-3CE9-423F-3ED6-2243008E32AB}"
EndProject
Project("{FAE04EC0-301F-11D3-BF4B-00C04F79EFBC}") = "KtsuBuild.Tests", "KtsuBuild.Tests\KtsuBuild.Tests.csproj", "{17428B0A-817F-4EC0-8931-7E9089654BCD}"
EndProject
Global
	GlobalSection(SolutionConfigurationPlatforms) = preSolution
		Debug|Any CPU = Debug|Any CPU
		Debug|x64 = Debug|x64
		Debug|x86 = Debug|x86
		Release|Any CPU = Release|Any CPU
		Release|x64 = Release|x64
		Release|x86 = Release|x86
	EndGlobalSection
	GlobalSection(ProjectConfigurationPlatforms) = postSolution
		{046E746F-0D49-ADED-C09E-82E7BB7CCBCE}.Debug|Any CPU.ActiveCfg = Debug|Any CPU
		{046E746F-0D49-ADED-C09E-82E7BB7CCBCE}.Debug|Any CPU.Build.0 = Debug|Any CPU
		{046E746F-0D49-ADED-C09E-82E7BB7CCBCE}.Debug|x64.ActiveCfg = Debug|Any CPU
		{046E746F-0D49-ADED-C09E-82E7BB7CCBCE}.Debug|x64.Build.0 = Debug|Any CPU
		{046E746F-0D49-ADED-C09E-82E7BB7CCBCE}.Debug|x86.ActiveCfg = Debug|Any CPU
		{046E746F-0D49-ADED-C09E-82E7BB7CCBCE}.Debug|x86.Build.0 = Debug|Any CPU
		{046E746F-0D49-ADED-C09E-82E7BB7CCBCE}.Release|Any CPU.ActiveCfg = Release|Any CPU
		{046E746F-0D49-ADED-C09E-82E7BB7CCBCE}.Release|Any CPU.Build.0 = Release|Any CPU
		{046E746F-0D49-ADED-C09E-82E7BB7CCBCE}.Release|x64.ActiveCfg = Release|Any CPU
		{046E746F-0D49-ADED-C09E-82E7BB7CCBCE}.Release|x64.Build.0 = Release|Any CPU
		{046E746F-0D49-ADED-C09E-82E7BB7CCBCE}.Release|x86.ActiveCfg = Release|Any CPU
		{046E746F-0D49-ADED-C09E-82E7BB7CCBCE}.Release|x86.Build.0 = Release|Any CPU
		{48AF0181-3CE9-423F-3ED6-2243008E32AB}.Debug|Any CPU.ActiveCfg = Debug|Any CPU
		{48AF0181-3CE9-423F-3ED6-2243008E32AB}.Debug|Any CPU.Build.0 = Debug|Any CPU
		{48AF0181-3CE9-423F-3ED6-2243008E32AB}.Debug|x64.ActiveCfg = Debug|Any CPU
		{48AF0181-3CE9-423F-3ED6-2243008E32AB}.Debug|x64.Build.0 = Debug|Any CPU
		{48AF0181-3CE9-423F-3ED6-2243008E32AB}.Debug|x86.ActiveCfg = Debug|Any CPU
		{48AF0181-3CE9-423F-3ED6-2243008E32AB}.Debug|x86.Build.0 = Debug|Any CPU
		{48AF0181-3CE9-423F-3ED6-2243008E32AB}.Release|Any CPU.ActiveCfg = Release|Any CPU
		{48AF0181-3CE9-423F-3ED6-2243008E32AB}.Release|Any CPU.Build.0 = Release|Any CPU
		{48AF0181-3CE9-423F-3ED6-2243008E32AB}.Release|x64.ActiveCfg = Release|Any CPU
		{48AF0181-3CE9-423F-3ED6-2243008E32AB}.Release|x64.Build.0 = Release|Any CPU
		{48AF0181-3CE9-423F-3ED6-2243008E32AB}.Release|x86.ActiveCfg = Release|Any CPU
		{48AF0181-3CE9-423F-3ED6-2243008E32AB}.Release|x86.Build.0 = Release|Any CPU
		{17428B0A-817F-4EC0-8931-7E9089654BCD}.Debug|Any CPU.ActiveCfg = Debug|Any CPU
		{17428B0A-817F-4EC0-8931-7E9089654BCD}.Debug|Any CPU.Build.0 = Debug|Any CPU
		{17428B0A-817F-4EC0-8931-7E9089654BCD}.Debug|x64.ActiveCfg = Debug|Any CPU
		{17428B0A-817F-4EC0-8931-7E9089654BCD}.Debug|x64.Build.0 = Debug|Any CPU
		{17428B0A-817F-4EC0-8931-7E9089654BCD}.Debug|x86.ActiveCfg = Debug|Any CPU
		{17428B0A-817F-4EC0-8931-7E9089654BCD}.Debug|x86.Build.0 = Debug|Any CPU
		{17428B0A-817F-4EC0-8931-7E9089654BCD}.Release|Any CPU.ActiveCfg = Release|Any CPU
		{17428B0A-817F-4EC0-8931-7E9089654BCD}.Release|Any CPU.Build.0 = Release|Any CPU
		{17428B0A-817F-4EC0-8931-7E9089654BCD}.Release|x64.ActiveCfg = Release|Any CPU
		{17428B0A-817F-4EC0-8931-7E9089654BCD}.Release|x64.Build.0 = Release|Any CPU
		{17428B0A-817F-4EC0-8931-7E9089654BCD}.Release|x86.ActiveCfg = Release|Any CPU
		{17428B0A-817F-4EC0-8931-7E9089654BCD}.Release|x86.Build.0 = Release|Any CPU
	EndGlobalSection
	GlobalSection(SolutionProperties) = preSolution
		HideSolutionNode = FALSE
	EndGlobalSection
EndGlobal
